# This file was autogenerated by Stack.
# You should not edit this file by hand.
# For more information, please see the documentation at:
#   https://docs.haskellstack.org/en/stable/lock_files

packages:
- completed:
    subdir: composite-base
    name: composite-base
    version: 0.7.5.0
    git: https://github.com/ConferOpenSource/composite
    pantry-tree:
      size: 708
      sha256: d3949740a6c72c6cd5824805b9430ea52072c1e532f20c564dc9fbeffe740aa7
    commit: 312040be1e377bfc5e859478f24ebbb0283b3bf2
  original:
    subdir: composite-base
    git: https://github.com/ConferOpenSource/composite
    commit: 312040be1e377bfc5e859478f24ebbb0283b3bf2
- completed:
    name: techlab
    version: 0.1.2.0
    git: https://gitlab.com/homotopic-tech/techlab
    pantry-tree:
      size: 897
      sha256: 00524697b1150fb0ca028446d17733df4fab82a3582a8b8fca2998040464dc76
    commit: 88f77113eefb038ae33d1db353a8fbad704a67ad
  original:
    git: https://gitlab.com/homotopic-tech/techlab
    commit: 88f77113eefb038ae33d1db353a8fbad704a67ad
- completed:
    hackage: type-errors-pretty-0.0.1.1@sha256:3dd78a62f3432b3a79dbc4c6522c566559ce421ecd38dee6d149b7880200d5e1,2746
    pantry-tree:
      size: 339
      sha256: 66d271ddd4373c826aace544b4c0fc693ab3002313bae9bb6f920ee042a95c40
  original:
    hackage: type-errors-pretty-0.0.1.1
- completed:
    name: xmonad
    version: 0.16.9999
    git: https://github.com/xmonad/xmonad
    pantry-tree:
      size: 3481
      sha256: b7d41b71d1dfbffc9fcbe7b1cbf132b6c65b4a5d4a3278a78a22605b47e3d73e
    commit: 13849c6230188cfbc303348ea3b374be4b60b655
  original:
    git: https://github.com/xmonad/xmonad
    commit: 13849c6230188cfbc303348ea3b374be4b60b655
- completed:
    name: xmonad-contrib
    version: 0.16.999
    git: https://github.com/xmonad/xmonad-contrib
    pantry-tree:
      size: 22659
      sha256: 1843091a7a71651d41da6229c92b086fbf9642795848ca8d50f87dbe0148808d
    commit: e30269fe96cb8d6498569e995835f66d78bceca1
  original:
    git: https://github.com/xmonad/xmonad-contrib
    commit: e30269fe96cb8d6498569e995835f66d78bceca1
- completed:
    name: xmonad-extras
    version: 0.15.3
    git: https://github.com/xmonad/xmonad-extras
    pantry-tree:
      size: 1457
      sha256: b96f0edf713cf13d2135671dd14e0d381f644ac63d2806e442a84234e42756cd
    commit: 6df82de88474754bc90724251d5fcbeccccbd7e7
  original:
    git: https://github.com/xmonad/xmonad-extras
    commit: 6df82de88474754bc90724251d5fcbeccccbd7e7
snapshots:
- completed:
    size: 567260
    url: https://raw.githubusercontent.com/commercialhaskell/stackage-snapshots/master/nightly/2021/7/23.yaml
    sha256: 94c5e73c2221ce53348504de8916c960a78a97bdc6ff0921200a42773694bd7c
  original: nightly-2021-07-23
